
Microsoft Visual Studio Solution File, Format Version 12.00
# Visual Studio 14
VisualStudioVersion = 14.0.23107.0
MinimumVisualStudioVersion = 10.0.40219.1
Project("{FAE04EC0-301F-11D3-BF4B-00C04F79EFBC}") = "MVCKnockout.Web", "MVCKnockout.Web\MVCKnockout.Web.csproj", "{CD4BF38B-6B72-419C-9A64-351683045A9E}"
EndProject
Project("{FAE04EC0-301F-11D3-BF4B-00C04F79EFBC}") = "MVCKnockout.Model", "MVCKnockout.Model\MVCKnockout.Model.csproj", "{154CEFE6-0B39-45A5-9D30-8A1AFEEA3171}"
EndProject
Project("{FAE04EC0-301F-11D3-BF4B-00C04F79EFBC}") = "MVCKnockout.DataLayer", "MVCKnockout.DataLayer\MVCKnockout.DataLayer.csproj", "{A5EFD7C5-E7A5-4C91-9D93-012AD6E08FD0}"
EndProject
Global
	GlobalSection(SolutionConfigurationPlatforms) = preSolution
		Debug|Any CPU = Debug|Any CPU
		Release|Any CPU = Release|Any CPU
	EndGlobalSection
	GlobalSection(ProjectConfigurationPlatforms) = postSolution
		{CD4BF38B-6B72-419C-9A64-351683045A9E}.Debug|Any CPU.ActiveCfg = Debug|Any CPU
		{CD4BF38B-6B72-419C-9A64-351683045A9E}.Debug|Any CPU.Build.0 = Debug|Any CPU
		{CD4BF38B-6B72-419C-9A64-351683045A9E}.Release|Any CPU.ActiveCfg = Release|Any CPU
		{CD4BF38B-6B72-419C-9A64-351683045A9E}.Release|Any CPU.Build.0 = Release|Any CPU
		{154CEFE6-0B39-45A5-9D30-8A1AFEEA3171}.Debug|Any CPU.ActiveCfg = Debug|Any CPU
		{154CEFE6-0B39-45A5-9D30-8A1AFEEA3171}.Debug|Any CPU.Build.0 = Debug|Any CPU
		{154CEFE6-0B39-45A5-9D30-8A1AFEEA3171}.Release|Any CPU.ActiveCfg = Release|Any CPU
		{154CEFE6-0B39-45A5-9D30-8A1AFEEA3171}.Release|Any CPU.Build.0 = Release|Any CPU
		{A5EFD7C5-E7A5-4C91-9D93-012AD6E08FD0}.Debug|Any CPU.ActiveCfg = Debug|Any CPU
		{A5EFD7C5-E7A5-4C91-9D93-012AD6E08FD0}.Debug|Any CPU.Build.0 = Debug|Any CPU
		{A5EFD7C5-E7A5-4C91-9D93-012AD6E08FD0}.Release|Any CPU.ActiveCfg = Release|Any CPU
		{A5EFD7C5-E7A5-4C91-9D93-012AD6E08FD0}.Release|Any CPU.Build.0 = Release|Any CPU
	EndGlobalSection
	GlobalSection(SolutionProperties) = preSolution
		HideSolutionNode = FALSE
	EndGlobalSection
EndGlobal
